
Microsoft Visual Studio Solution File, Format Version 12.00
Project("{FAE04EC0-301F-11D3-BF4B-00C04F79EFBC}") = "FS mods to sql", "FS mods to sql\FS mods to sql.csproj", "{7BE200D5-F48E-4985-B769-6C782BC4FECE}"
EndProject
Global
	GlobalSection(SolutionConfigurationPlatforms) = preSolution
		Debug|Any CPU = Debug|Any CPU
		Release|Any CPU = Release|Any CPU
	EndGlobalSection
	GlobalSection(ProjectConfigurationPlatforms) = postSolution
		{7BE200D5-F48E-4985-B769-6C782BC4FECE}.Debug|Any CPU.ActiveCfg = Debug|Any CPU
		{7BE200D5-F48E-4985-B769-6C782BC4FECE}.Debug|Any CPU.Build.0 = Debug|Any CPU
		{7BE200D5-F48E-4985-B769-6C782BC4FECE}.Release|Any CPU.ActiveCfg = Release|Any CPU
		{7BE200D5-F48E-4985-B769-6C782BC4FECE}.Release|Any CPU.Build.0 = Release|Any CPU
	EndGlobalSection
EndGlobal
